{
  "name": "gina-framework",
  "version": "0.6.3-alpha.2",
  "lockfileVersion": 3,
  "requires": true,
  "packages": {
    "": {
      "name": "gina-framework",
      "version": "0.6.3-alpha.2",
      "dependencies": {
        "@rhinostone/busboy": "^1.6.1",
        "@rhinostone/swig": "^2.7.2",
        "intl-messageformat": "^11.2.4",
        "psl": "^1.15.0",
        "ws": "^8.21.0"
      }
    },
    "node_modules/@formatjs/fast-memoize": {
      "version": "3.1.4",
      "resolved": "https://registry.npmjs.org/@formatjs/fast-memoize/-/fast-memoize-3.1.4.tgz",
      "integrity": "sha512-Lbke1aOrsygKKR09Ux0NrZgbTqpDmiwXOgzyDOJ8Owr1zd5qOKTauf62hH+Seeku3ju77rHWH9I5SfX2CN0vuA==",
      "license": "MIT"
    },
    "node_modules/@formatjs/icu-messageformat-parser": {
      "version": "3.5.7",
      "resolved": "https://registry.npmjs.org/@formatjs/icu-messageformat-parser/-/icu-messageformat-parser-3.5.7.tgz",
      "integrity": "sha512-wJxRZ+SiUCIMTL86bQlZU9bEKDQqqvgk2ezQ1BySUdWRfHqOzj4IKUVFeUZKS9w58M4e7wMSG0Sl86LAPb7Qww==",
      "license": "MIT",
      "dependencies": {
        "@formatjs/icu-skeleton-parser": "2.1.7"
      }
    },
    "node_modules/@formatjs/icu-skeleton-parser": {
      "version": "2.1.7",
      "resolved": "https://registry.npmjs.org/@formatjs/icu-skeleton-parser/-/icu-skeleton-parser-2.1.7.tgz",
      "integrity": "sha512-cIw1SFP0bi0CUBiJ2jzp99ws3OJNQDfStcHq9Z0iHWzItmiIikihFO+npR8C80yDlp7ZuBCLXCcKjgWjHicksA==",
      "license": "MIT"
    },
    "node_modules/@rhinostone/busboy": {
      "version": "1.6.1",
      "resolved": "https://registry.npmjs.org/@rhinostone/busboy/-/busboy-1.6.1.tgz",
      "integrity": "sha512-kpQ82zLLZ6e13+f2o4r7nyKGvN2nI/L9mve72zuERODa7cqMofD4ZO9BNu45g5a/9euE2t4/sQpm1jAWKFGzUw==",
      "dependencies": {
        "streamsearch": "^1.1.0"
      },
      "engines": {
        "node": ">=10.16.0"
      }
    },
    "node_modules/@rhinostone/swig": {
      "version": "2.8.0",
      "resolved": "https://registry.npmjs.org/@rhinostone/swig/-/swig-2.8.0.tgz",
      "integrity": "sha512-yS3ScVxuvfIous0zZ2EBUYabTZ0LhLA/30vofshZUBlf+3TYTZhyajTOvGzYT1qetfE6f8Hw/YQNdDlS0KG9sQ==",
      "license": "MIT",
      "workspaces": [
        "packages/*"
      ],
      "dependencies": {
        "@rhinostone/swig-core": "2.8.0"
      },
      "bin": {
        "swig": "bin/swig.js"
      },
      "engines": {
        "node": ">=12"
      }
    },
    "node_modules/@rhinostone/swig-core": {
      "version": "2.8.0",
      "resolved": "https://registry.npmjs.org/@rhinostone/swig-core/-/swig-core-2.8.0.tgz",
      "integrity": "sha512-f3b5VwC0v1kFJe9fn907vpNG3EkYoT9Ueldx3bN0vmo8f0S2HRCh0AmrfjSfZ8XmUqWl49vUnoIALhlMiyJCjw==",
      "license": "MIT",
      "engines": {
        "node": ">=12"
      }
    },
    "node_modules/intl-messageformat": {
      "version": "11.2.4",
      "resolved": "https://registry.npmjs.org/intl-messageformat/-/intl-messageformat-11.2.4.tgz",
      "integrity": "sha512-iKP6+uJXn+XcfRgYfGPE3+mqCoODV2vATrXDLo/YkYgIdelJHJPBEbc0GZThipAYPuk+8QJFiPgOfblU085ABg==",
      "license": "BSD-3-Clause",
      "dependencies": {
        "@formatjs/fast-memoize": "3.1.4",
        "@formatjs/icu-messageformat-parser": "3.5.7"
      }
    },
    "node_modules/psl": {
      "version": "1.15.0",
      "resolved": "https://registry.npmjs.org/psl/-/psl-1.15.0.tgz",
      "integrity": "sha512-JZd3gMVBAVQkSs6HdNZo9Sdo0LNcQeMNP3CozBJb3JYC/QUYZTnKxP+f8oWRX4rHP5EurWxqAHTSwUCjlNKa1w==",
      "license": "MIT",
      "dependencies": {
        "punycode": "^2.3.1"
      },
      "funding": {
        "url": "https://github.com/sponsors/lupomontero"
      }
    },
    "node_modules/punycode": {
      "version": "2.3.1",
      "resolved": "https://registry.npmjs.org/punycode/-/punycode-2.3.1.tgz",
      "integrity": "sha512-vYt7UD1U9Wg6138shLtLOvdAu+8DsC/ilFtEVHcH+wydcSpNE20AfSOduf6MkRFahL5FY7X1oU7nKVZFtfq8Fg==",
      "license": "MIT",
      "engines": {
        "node": ">=6"
      }
    },
    "node_modules/streamsearch": {
      "version": "1.1.0",
      "resolved": "https://registry.npmjs.org/streamsearch/-/streamsearch-1.1.0.tgz",
      "integrity": "sha512-Mcc5wHehp9aXz1ax6bZUyY5afg9u2rv5cqQI3mRrYkGC8rW2hM02jWuwjtL++LS5qinSyhj2QfLyNsuc+VsExg==",
      "engines": {
        "node": ">=10.0.0"
      }
    },
    "node_modules/ws": {
      "version": "8.21.0",
      "resolved": "https://registry.npmjs.org/ws/-/ws-8.21.0.tgz",
      "integrity": "sha512-Vsp28b7DRcimFQvrqu2Wek3z1iYxDCWqHYB8Qsnk/S4RfaCQzPGPyBNuVjJV3cd6UiKtUtp6sNM77gWvzcCH+g==",
      "license": "MIT",
      "engines": {
        "node": ">=10.0.0"
      },
      "peerDependencies": {
        "bufferutil": "^4.0.1",
        "utf-8-validate": ">=5.0.2"
      },
      "peerDependenciesMeta": {
        "bufferutil": {
          "optional": true
        },
        "utf-8-validate": {
          "optional": true
        }
      }
    }
  }
}
